// !$*UTF8*$!
{
	archiveVersion = 1;
	classes = {
	};
	objectVersion = 55;
	objects = {

/* Begin PBXBuildFile section */
		16879E1A27C9D34700AAB81D /* AppDelegate.swift in Sources */ = {isa = PBXBuildFile; fileRef = 16879E1927C9D34700AAB81D /* AppDelegate.swift */; };
		16879E1C27C9D34700AAB81D /* SceneDelegate.swift in Sources */ = {isa = PBXBuildFile; fileRef = 16879E1B27C9D34700AAB81D /* SceneDelegate.swift */; };
		16879E2127C9D34700AAB81D /* Main.storyboard in Resources */ = {isa = PBXBuildFile; fileRef = 16879E1F27C9D34700AAB81D /* Main.storyboard */; };
		16879E2327C9D34A00AAB81D /* Assets.xcassets in Resources */ = {isa = PBXBuildFile; fileRef = 16879E2227C9D34A00AAB81D /* Assets.xcassets */; };
		16879E2627C9D34A00AAB81D /* LaunchScreen.storyboard in Resources */ = {isa = PBXBuildFile; fileRef = 16879E2427C9D34A00AAB81D /* LaunchScreen.storyboard */; };
		16879E3127C9D34A00AAB81D /* ParstagramTests.swift in Sources */ = {isa = PBXBuildFile; fileRef = 16879E3027C9D34A00AAB81D /* ParstagramTests.swift */; };
		16879E3B27C9D34A00AAB81D /* ParstagramUITests.swift in Sources */ = {isa = PBXBuildFile; fileRef = 16879E3A27C9D34A00AAB81D /* ParstagramUITests.swift */; };
		16879E3D27C9D34A00AAB81D /* ParstagramUITestsLaunchTests.swift in Sources */ = {isa = PBXBuildFile; fileRef = 16879E3C27C9D34A00AAB81D /* ParstagramUITestsLaunchTests.swift */; };
		16879E4B27CAB1DE00AAB81D /* LoginViewController.swift in Sources */ = {isa = PBXBuildFile; fileRef = 16879E4A27CAB1DE00AAB81D /* LoginViewController.swift */; };
		16879E4D27CAB1EC00AAB81D /* FeedViewController.swift in Sources */ = {isa = PBXBuildFile; fileRef = 16879E4C27CAB1EC00AAB81D /* FeedViewController.swift */; };
		16879E5027CAB92E00AAB81D /* Database.swift in Sources */ = {isa = PBXBuildFile; fileRef = 16879E4F27CAB92E00AAB81D /* Database.swift */; };
		16879E5527CAD32700AAB81D /* CameraViewController.swift in Sources */ = {isa = PBXBuildFile; fileRef = 16879E5427CAD32700AAB81D /* CameraViewController.swift */; };
		16879E5827CAE72600AAB81D /* PostTableViewCell.swift in Sources */ = {isa = PBXBuildFile; fileRef = 16879E5727CAE72600AAB81D /* PostTableViewCell.swift */; };
		16879E5A27CC0ED600AAB81D /* Post.swift in Sources */ = {isa = PBXBuildFile; fileRef = 16879E5927CC0ED500AAB81D /* Post.swift */; };
		A5917F3AFEA21DE0B73AADBF /* Pods_Parstagram.framework in Frameworks */ = {isa = PBXBuildFile; fileRef = 14D3C860E0FBF3C6D9432C12 /* Pods_Parstagram.framework */; };
		C775BE39423F749670598B08 /* Pods_Parstagram_ParstagramUITests.framework in Frameworks */ = {isa = PBXBuildFile; fileRef = 468346E2018BB72D5BBE9482 /* Pods_Parstagram_ParstagramUITests.framework */; };
		D97BA56C1D0A462FBC447507 /* Pods_ParstagramTests.framework in Frameworks */ = {isa = PBXBuildFile; fileRef = B1B797E1A300ADEE0E35A3D3 /* Pods_ParstagramTests.framework */; };
/* End PBXBuildFile section */

/* Begin PBXContainerItemProxy section */
		16879E2D27C9D34A00AAB81D /* PBXContainerItemProxy */ = {
			isa = PBXContainerItemProxy;
			containerPortal = 16879E0E27C9D34700AAB81D /* Project object */;
			proxyType = 1;
			remoteGlobalIDString = 16879E1527C9D34700AAB81D;
			remoteInfo = Parstagram;
		};
		16879E3727C9D34A00AAB81D /* PBXContainerItemProxy */ = {
			isa = PBXContainerItemProxy;
			containerPortal = 16879E0E27C9D34700AAB81D /* Project object */;
			proxyType = 1;
			remoteGlobalIDString = 16879E1527C9D34700AAB81D;
			remoteInfo = Parstagram;
		};
/* End PBXContainerItemProxy section */

/* Begin PBXFileReference section */
		02F062430550F87CA748856E /* Pods-ParstagramTests.debug.xcconfig */ = {isa = PBXFileReference; includeInIndex = 1; lastKnownFileType = text.xcconfig; name = "Pods-ParstagramTests.debug.xcconfig"; path = "Target Support Files/Pods-ParstagramTests/Pods-ParstagramTests.debug.xcconfig"; sourceTree = "<group>"; };
		14D3C860E0FBF3C6D9432C12 /* Pods_Parstagram.framework */ = {isa = PBXFileReference; explicitFileType = wrapper.framework; includeInIndex = 0; path = Pods_Parstagram.framework; sourceTree = BUILT_PRODUCTS_DIR; };
		16879E1627C9D34700AAB81D /* Parstagram.app */ = {isa = PBXFileReference; explicitFileType = wrapper.application; includeInIndex = 0; path = Parstagram.app; sourceTree = BUILT_PRODUCTS_DIR; };
		16879E1927C9D34700AAB81D /* AppDelegate.swift */ = {isa = PBXFileReference; lastKnownFileType = sourcecode.swift; path = AppDelegate.swift; sourceTree = "<group>"; };
		16879E1B27C9D34700AAB81D /* SceneDelegate.swift */ = {isa = PBXFileReference; lastKnownFileType = sourcecode.swift; path = SceneDelegate.swift; sourceTree = "<group>"; };
		16879E2027C9D34700AAB81D /* Base */ = {isa = PBXFileReference; lastKnownFileType = file.storyboard; name = Base; path = Base.lproj/Main.storyboard; sourceTree = "<group>"; };
		16879E2227C9D34A00AAB81D /* Assets.xcassets */ = {isa = PBXFileReference; lastKnownFileType = folder.assetcatalog; path = Assets.xcassets; sourceTree = "<group>"; };
		16879E2527C9D34A00AAB81D /* Base */ = {isa = PBXFileReference; lastKnownFileType = file.storyboard; name = Base; path = Base.lproj/LaunchScreen.storyboard; sourceTree = "<group>"; };
		16879E2727C9D34A00AAB81D /* Info.plist */ = {isa = PBXFileReference; lastKnownFileType = text.plist.xml; path = Info.plist; sourceTree = "<group>"; };
		16879E2C27C9D34A00AAB81D /* ParstagramTests.xctest */ = {isa = PBXFileReference; explicitFileType = wrapper.cfbundle; includeInIndex = 0; path = ParstagramTests.xctest; sourceTree = BUILT_PRODUCTS_DIR; };
		16879E3027C9D34A00AAB81D /* ParstagramTests.swift */ = {isa = PBXFileReference; lastKnownFileType = sourcecode.swift; path = ParstagramTests.swift; sourceTree = "<group>"; };
		16879E3627C9D34A00AAB81D /* ParstagramUITests.xctest */ = {isa = PBXFileReference; explicitFileType = wrapper.cfbundle; includeInIndex = 0; path = ParstagramUITests.xctest; sourceTree = BUILT_PRODUCTS_DIR; };
		16879E3A27C9D34A00AAB81D /* ParstagramUITests.swift */ = {isa = PBXFileReference; lastKnownFileType = sourcecode.swift; path = ParstagramUITests.swift; sourceTree = "<group>"; };
		16879E3C27C9D34A00AAB81D /* ParstagramUITestsLaunchTests.swift */ = {isa = PBXFileReference; lastKnownFileType = sourcecode.swift; path = ParstagramUITestsLaunchTests.swift; sourceTree = "<group>"; };
		16879E4A27CAB1DE00AAB81D /* LoginViewController.swift */ = {isa = PBXFileReference; lastKnownFileType = sourcecode.swift; path = LoginViewController.swift; sourceTree = "<group>"; };
		16879E4C27CAB1EC00AAB81D /* FeedViewController.swift */ = {isa = PBXFileReference; lastKnownFileType = sourcecode.swift; path = FeedViewController.swift; sourceTree = "<group>"; };
		16879E4F27CAB92E00AAB81D /* Database.swift */ = {isa = PBXFileReference; lastKnownFileType = sourcecode.swift; path = Database.swift; sourceTree = "<group>"; };
		16879E5427CAD32700AAB81D /* CameraViewController.swift */ = {isa = PBXFileReference; lastKnownFileType = sourcecode.swift; path = CameraViewController.swift; sourceTree = "<group>"; };
		16879E5727CAE72600AAB81D /* PostTableViewCell.swift */ = {isa = PBXFileReference; lastKnownFileType = sourcecode.swift; path = PostTableViewCell.swift; sourceTree = "<group>"; };
		16879E5927CC0ED500AAB81D /* Post.swift */ = {isa = PBXFileReference; lastKnownFileType = sourcecode.swift; path = Post.swift; sourceTree = "<group>"; };
		468346E2018BB72D5BBE9482 /* Pods_Parstagram_ParstagramUITests.framework */ = {isa = PBXFileReference; explicitFileType = wrapper.framework; includeInIndex = 0; path = Pods_Parstagram_ParstagramUITests.framework; sourceTree = BUILT_PRODUCTS_DIR; };
		8BFC73BD1389E7872969A2FF /* Pods-Parstagram-ParstagramUITests.debug.xcconfig */ = {isa = PBXFileReference; includeInIndex = 1; lastKnownFileType = text.xcconfig; name = "Pods-Parstagram-ParstagramUITests.debug.xcconfig"; path = "Target Support Files/Pods-Parstagram-ParstagramUITests/Pods-Parstagram-ParstagramUITests.debug.xcconfig"; sourceTree = "<group>"; };
		8C67320EC9A1833CBB80BA18 /* Pods-Parstagram.debug.xcconfig */ = {isa = PBXFileReference; includeInIndex = 1; lastKnownFileType = text.xcconfig; name = "Pods-Parstagram.debug.xcconfig"; path = "Target Support Files/Pods-Parstagram/Pods-Parstagram.debug.xcconfig"; sourceTree = "<group>"; };
		97DD492DF65C75B50BC8CB02 /* Pods-Parstagram.release.xcconfig */ = {isa = PBXFileReference; includeInIndex = 1; lastKnownFileType = text.xcconfig; name = "Pods-Parstagram.release.xcconfig"; path = "Target Support Files/Pods-Parstagram/Pods-Parstagram.release.xcconfig"; sourceTree = "<group>"; };
		B1B797E1A300ADEE0E35A3D3 /* Pods_ParstagramTests.framework */ = {isa = PBXFileReference; explicitFileType = wrapper.framework; includeInIndex = 0; path = Pods_ParstagramTests.framework; sourceTree = BUILT_PRODUCTS_DIR; };
		D265254BE4D2DDB419043589 /* Pods-ParstagramTests.release.xcconfig */ = {isa = PBXFileReference; includeInIndex = 1; lastKnownFileType = text.xcconfig; name = "Pods-ParstagramTests.release.xcconfig"; path = "Target Support Files/Pods-ParstagramTests/Pods-ParstagramTests.release.xcconfig"; sourceTree = "<group>"; };
		FBFAD392749E31F0A0486C6E /* Pods-Parstagram-ParstagramUITests.release.xcconfig */ = {isa = PBXFileReference; includeInIndex = 1; lastKnownFileType = text.xcconfig; name = "Pods-Parstagram-ParstagramUITests.release.xcconfig"; path = "Target Support Files/Pods-Parstagram-ParstagramUITests/Pods-Parstagram-ParstagramUITests.release.xcconfig"; sourceTree = "<group>"; };
/* End PBXFileReference section */

/* Begin PBXFrameworksBuildPhase section */
		16879E1327C9D34700AAB81D /* Frameworks */ = {
			isa = PBXFrameworksBuildPhase;
			buildActionMask = 2147483647;
			files = (
				A5917F3AFEA21DE0B73AADBF /* Pods_Parstagram.framework in Frameworks */,
			);
			runOnlyForDeploymentPostprocessing = 0;
		};
		16879E2927C9D34A00AAB81D /* Frameworks */ = {
			isa = PBXFrameworksBuildPhase;
			buildActionMask = 2147483647;
			files = (
				D97BA56C1D0A462FBC447507 /* Pods_ParstagramTests.framework in Frameworks */,
			);
			runOnlyForDeploymentPostprocessing = 0;
		};
		16879E3327C9D34A00AAB81D /* Frameworks */ = {
			isa = PBXFrameworksBuildPhase;
			buildActionMask = 2147483647;
			files = (
				C775BE39423F749670598B08 /* Pods_Parstagram_ParstagramUITests.framework in Frameworks */,
			);
			runOnlyForDeploymentPostprocessing = 0;
		};
/* End PBXFrameworksBuildPhase section */

/* Begin PBXGroup section */
		16879E0D27C9D34700AAB81D = {
			isa = PBXGroup;
			children = (
				16879E1827C9D34700AAB81D /* Parstagram */,
				16879E2F27C9D34A00AAB81D /* ParstagramTests */,
				16879E3927C9D34A00AAB81D /* ParstagramUITests */,
				16879E1727C9D34700AAB81D /* Products */,
				A1AA533D086B29FD26C758DC /* Pods */,
				891AC7EDCB8D1B71540A7614 /* Frameworks */,
			);
			sourceTree = "<group>";
		};
		16879E1727C9D34700AAB81D /* Products */ = {
			isa = PBXGroup;
			children = (
				16879E1627C9D34700AAB81D /* Parstagram.app */,
				16879E2C27C9D34A00AAB81D /* ParstagramTests.xctest */,
				16879E3627C9D34A00AAB81D /* ParstagramUITests.xctest */,
			);
			name = Products;
			sourceTree = "<group>";
		};
		16879E1827C9D34700AAB81D /* Parstagram */ = {
			isa = PBXGroup;
			children = (
				16879E5627CAE70500AAB81D /* Cells */,
				16879E5127CAC85900AAB81D /* Models */,
				16879E4E27CAB8FE00AAB81D /* Database */,
				16879E4927CAB1B400AAB81D /* Controllers */,
				16879E1927C9D34700AAB81D /* AppDelegate.swift */,
				16879E1B27C9D34700AAB81D /* SceneDelegate.swift */,
				16879E1F27C9D34700AAB81D /* Main.storyboard */,
				16879E2227C9D34A00AAB81D /* Assets.xcassets */,
				16879E2427C9D34A00AAB81D /* LaunchScreen.storyboard */,
				16879E2727C9D34A00AAB81D /* Info.plist */,
			);
			path = Parstagram;
			sourceTree = "<group>";
		};
		16879E2F27C9D34A00AAB81D /* ParstagramTests */ = {
			isa = PBXGroup;
			children = (
				16879E3027C9D34A00AAB81D /* ParstagramTests.swift */,
			);
			path = ParstagramTests;
			sourceTree = "<group>";
		};
		16879E3927C9D34A00AAB81D /* ParstagramUITests */ = {
			isa = PBXGroup;
			children = (
				16879E3A27C9D34A00AAB81D /* ParstagramUITests.swift */,
				16879E3C27C9D34A00AAB81D /* ParstagramUITestsLaunchTests.swift */,
			);
			path = ParstagramUITests;
			sourceTree = "<group>";
		};
		16879E4927CAB1B400AAB81D /* Controllers */ = {
			isa = PBXGroup;
			children = (
				16879E4A27CAB1DE00AAB81D /* LoginViewController.swift */,
				16879E4C27CAB1EC00AAB81D /* FeedViewController.swift */,
				16879E5427CAD32700AAB81D /* CameraViewController.swift */,
			);
			path = Controllers;
			sourceTree = "<group>";
		};
		16879E4E27CAB8FE00AAB81D /* Database */ = {
			isa = PBXGroup;
			children = (
				16879E4F27CAB92E00AAB81D /* Database.swift */,
			);
			path = Database;
			sourceTree = "<group>";
		};
		16879E5127CAC85900AAB81D /* Models */ = {
			isa = PBXGroup;
			children = (
				16879E5927CC0ED500AAB81D /* Post.swift */,
			);
			path = Models;
			sourceTree = "<group>";
		};
		16879E5627CAE70500AAB81D /* Cells */ = {
			isa = PBXGroup;
			children = (
				16879E5727CAE72600AAB81D /* PostTableViewCell.swift */,
			);
			path = Cells;
			sourceTree = "<group>";
		};
		891AC7EDCB8D1B71540A7614 /* Frameworks */ = {
			isa = PBXGroup;
			children = (
				14D3C860E0FBF3C6D9432C12 /* Pods_Parstagram.framework */,
				468346E2018BB72D5BBE9482 /* Pods_Parstagram_ParstagramUITests.framework */,
				B1B797E1A300ADEE0E35A3D3 /* Pods_ParstagramTests.framework */,
			);
			name = Frameworks;
			sourceTree = "<group>";
		};
		A1AA533D086B29FD26C758DC /* Pods */ = {
			isa = PBXGroup;
			children = (
				8C67320EC9A1833CBB80BA18 /* Pods-Parstagram.debug.xcconfig */,
				97DD492DF65C75B50BC8CB02 /* Pods-Parstagram.release.xcconfig */,
				8BFC73BD1389E7872969A2FF /* Pods-Parstagram-ParstagramUITests.debug.xcconfig */,
				FBFAD392749E31F0A0486C6E /* Pods-Parstagram-ParstagramUITests.release.xcconfig */,
				02F062430550F87CA748856E /* Pods-ParstagramTests.debug.xcconfig */,
				D265254BE4D2DDB419043589 /* Pods-ParstagramTests.release.xcconfig */,
			);
			path = Pods;
			sourceTree = "<group>";
		};
/* End PBXGroup section */

/* Begin PBXNativeTarget section */
		16879E1527C9D34700AAB81D /* Parstagram */ = {
			isa = PBXNativeTarget;
			buildConfigurationList = 16879E4027C9D34A00AAB81D /* Build configuration list for PBXNativeTarget "Parstagram" */;
			buildPhases = (
				6E3CD615C00311FEBCE9E342 /* [CP] Check Pods Manifest.lock */,
				16879E1227C9D34700AAB81D /* Sources */,
				16879E1327C9D34700AAB81D /* Frameworks */,
				16879E1427C9D34700AAB81D /* Resources */,
				10D160DF8C90DA8D4A4BB521 /* [CP] Embed Pods Frameworks */,
			);
			buildRules = (
			);
			dependencies = (
			);
			name = Parstagram;
			productName = Parstagram;
			productReference = 16879E1627C9D34700AAB81D /* Parstagram.app */;
			productType = "com.apple.product-type.application";
		};
		16879E2B27C9D34A00AAB81D /* ParstagramTests */ = {
			isa = PBXNativeTarget;
			buildConfigurationList = 16879E4327C9D34A00AAB81D /* Build configuration list for PBXNativeTarget "ParstagramTests" */;
			buildPhases = (
				CC4710BFC0ADEA9B6667736E /* [CP] Check Pods Manifest.lock */,
				16879E2827C9D34A00AAB81D /* Sources */,
				16879E2927C9D34A00AAB81D /* Frameworks */,
				16879E2A27C9D34A00AAB81D /* Resources */,
			);
			buildRules = (
			);
			dependencies = (
				16879E2E27C9D34A00AAB81D /* PBXTargetDependency */,
			);
			name = ParstagramTests;
			productName = ParstagramTests;
			productReference = 16879E2C27C9D34A00AAB81D /* ParstagramTests.xctest */;
			productType = "com.apple.product-type.bundle.unit-test";
		};
		16879E3527C9D34A00AAB81D /* ParstagramUITests */ = {
			isa = PBXNativeTarget;
			buildConfigurationList = 16879E4627C9D34A00AAB81D /* Build configuration list for PBXNativeTarget "ParstagramUITests" */;
			buildPhases = (
				956CCD2A6D218BB1261858D7 /* [CP] Check Pods Manifest.lock */,
				16879E3227C9D34A00AAB81D /* Sources */,
				16879E3327C9D34A00AAB81D /* Frameworks */,
				16879E3427C9D34A00AAB81D /* Resources */,
				E4A757A6F23911D9DAB4BA73 /* [CP] Embed Pods Frameworks */,
			);
			buildRules = (
			);
			dependencies = (
				16879E3827C9D34A00AAB81D /* PBXTargetDependency */,
			);
			name = ParstagramUITests;
			productName = ParstagramUITests;
			productReference = 16879E3627C9D34A00AAB81D /* ParstagramUITests.xctest */;
			productType = "com.apple.product-type.bundle.ui-testing";
		};
/* End PBXNativeTarget section */

/* Begin PBXProject section */
		16879E0E27C9D34700AAB81D /* Project object */ = {
			isa = PBXProject;
			attributes = {
				BuildIndependentTargetsInParallel = 1;
				LastSwiftUpdateCheck = 1320;
				LastUpgradeCheck = 1320;
				TargetAttributes = {
					16879E1527C9D34700AAB81D = {
						CreatedOnToolsVersion = 13.2.1;
					};
					16879E2B27C9D34A00AAB81D = {
						CreatedOnToolsVersion = 13.2.1;
						TestTargetID = 16879E1527C9D34700AAB81D;
					};
					16879E3527C9D34A00AAB81D = {
						CreatedOnToolsVersion = 13.2.1;
						TestTargetID = 16879E1527C9D34700AAB81D;
					};
				};
			};
			buildConfigurationList = 16879E1127C9D34700AAB81D /* Build configuration list for PBXProject "Parstagram" */;
			compatibilityVersion = "Xcode 13.0";
			developmentRegion = en;
			hasScannedForEncodings = 0;
			knownRegions = (
				en,
				Base,
			);
			mainGroup = 16879E0D27C9D34700AAB81D;
			productRefGroup = 16879E1727C9D34700AAB81D /* Products */;
			projectDirPath = "";
			projectRoot = "";
			targets = (
				16879E1527C9D34700AAB81D /* Parstagram */,
				16879E2B27C9D34A00AAB81D /* ParstagramTests */,
				16879E3527C9D34A00AAB81D /* ParstagramUITests */,
			);
		};
/* End PBXProject section */

/* Begin PBXResourcesBuildPhase section */
		16879E1427C9D34700AAB81D /* Resources */ = {
			isa = PBXResourcesBuildPhase;
			buildActionMask = 2147483647;
			files = (
				16879E2627C9D34A00AAB81D /* LaunchScreen.storyboard in Resources */,
				16879E2327C9D34A00AAB81D /* Assets.xcassets in Resources */,
				16879E2127C9D34700AAB81D /* Main.storyboard in Resources */,
			);
			runOnlyForDeploymentPostprocessing = 0;
		};
		16879E2A27C9D34A00AAB81D /* Resources */ = {
			isa = PBXResourcesBuildPhase;
			buildActionMask = 2147483647;
			files = (
			);
			runOnlyForDeploymentPostprocessing = 0;
		};
		16879E3427C9D34A00AAB81D /* Resources */ = {
			isa = PBXResourcesBuildPhase;
			buildActionMask = 2147483647;
			files = (
			);
			runOnlyForDeploymentPostprocessing = 0;
		};
/* End PBXResourcesBuildPhase section */

/* Begin PBXShellScriptBuildPhase section */
		10D160DF8C90DA8D4A4BB521 /* [CP] Embed Pods Frameworks */ = {
			isa = PBXShellScriptBuildPhase;
			buildActionMask = 2147483647;
			files = (
			);
			inputFileListPaths = (
				"${PODS_ROOT}/Target Support Files/Pods-Parstagram/Pods-Parstagram-frameworks-${CONFIGURATION}-input-files.xcfilelist",
			);
			name = "[CP] Embed Pods Frameworks";
			outputFileListPaths = (
				"${PODS_ROOT}/Target Support Files/Pods-Parstagram/Pods-Parstagram-frameworks-${CONFIGURATION}-output-files.xcfilelist",
			);
			runOnlyForDeploymentPostprocessing = 0;
			shellPath = /bin/sh;
			shellScript = "\"${PODS_ROOT}/Target Support Files/Pods-Parstagram/Pods-Parstagram-frameworks.sh\"\n";
			showEnvVarsInLog = 0;
		};
		6E3CD615C00311FEBCE9E342 /* [CP] Check Pods Manifest.lock */ = {
			isa = PBXShellScriptBuildPhase;
			buildActionMask = 2147483647;
			files = (
			);
			inputFileListPaths = (
			);
			inputPaths = (
				"${PODS_PODFILE_DIR_PATH}/Podfile.lock",
				"${PODS_ROOT}/Manifest.lock",
			);
			name = "[CP] Check Pods Manifest.lock";
			outputFileListPaths = (
			);
			outputPaths = (
				"$(DERIVED_FILE_DIR)/Pods-Parstagram-checkManifestLockResult.txt",
			);
			runOnlyForDeploymentPostprocessing = 0;
			shellPath = /bin/sh;
			shellScript = "diff \"${PODS_PODFILE_DIR_PATH}/Podfile.lock\" \"${PODS_ROOT}/Manifest.lock\" > /dev/null\nif [ $? != 0 ] ; then\n    # print error to STDERR\n    echo \"error: The sandbox is not in sync with the Podfile.lock. Run 'pod install' or update your CocoaPods installation.\" >&2\n    exit 1\nfi\n# This output is used by Xcode 'outputs' to avoid re-running this script phase.\necho \"SUCCESS\" > \"${SCRIPT_OUTPUT_FILE_0}\"\n";
			showEnvVarsInLog = 0;
		};
		956CCD2A6D218BB1261858D7 /* [CP] Check Pods Manifest.lock */ = {
			isa = PBXShellScriptBuildPhase;
			buildActionMask = 2147483647;
			files = (
			);
			inputFileListPaths = (
			);
			inputPaths = (
				"${PODS_PODFILE_DIR_PATH}/Podfile.lock",
				"${PODS_ROOT}/Manifest.lock",
			);
			name = "[CP] Check Pods Manifest.lock";
			outputFileListPaths = (
			);
			outputPaths = (
				"$(DERIVED_FILE_DIR)/Pods-Parstagram-ParstagramUITests-checkManifestLockResult.txt",
			);
			runOnlyForDeploymentPostprocessing = 0;
			shellPath = /bin/sh;
			shellScript = "diff \"${PODS_PODFILE_DIR_PATH}/Podfile.lock\" \"${PODS_ROOT}/Manifest.lock\" > /dev/null\nif [ $? != 0 ] ; then\n    # print error to STDERR\n    echo \"error: The sandbox is not in sync with the Podfile.lock. Run 'pod install' or update your CocoaPods installation.\" >&2\n    exit 1\nfi\n# This output is used by Xcode 'outputs' to avoid re-running this script phase.\necho \"SUCCESS\" > \"${SCRIPT_OUTPUT_FILE_0}\"\n";
			showEnvVarsInLog = 0;
		};
		CC4710BFC0ADEA9B6667736E /* [CP] Check Pods Manifest.lock */ = {
			isa = PBXShellScriptBuildPhase;
			buildActionMask = 2147483647;
			files = (
			);
			inputFileListPaths = (
			);
			inputPaths = (
				"${PODS_PODFILE_DIR_PATH}/Podfile.lock",
				"${PODS_ROOT}/Manifest.lock",
			);
			name = "[CP] Check Pods Manifest.lock";
			outputFileListPaths = (
			);
			outputPaths = (
				"$(DERIVED_FILE_DIR)/Pods-ParstagramTests-checkManifestLockResult.txt",
			);
			runOnlyForDeploymentPostprocessing = 0;
			shellPath = /bin/sh;
			shellScript = "diff \"${PODS_PODFILE_DIR_PATH}/Podfile.lock\" \"${PODS_ROOT}/Manifest.lock\" > /dev/null\nif [ $? != 0 ] ; then\n    # print error to STDERR\n    echo \"error: The sandbox is not in sync with the Podfile.lock. Run 'pod install' or update your CocoaPods installation.\" >&2\n    exit 1\nfi\n# This output is used by Xcode 'outputs' to avoid re-running this script phase.\necho \"SUCCESS\" > \"${SCRIPT_OUTPUT_FILE_0}\"\n";
			showEnvVarsInLog = 0;
		};
		E4A757A6F23911D9DAB4BA73 /* [CP] Embed Pods Frameworks */ = {
			isa = PBXShellScriptBuildPhase;
			buildActionMask = 2147483647;
			files = (
			);
			inputFileListPaths = (
				"${PODS_ROOT}/Target Support Files/Pods-Parstagram-ParstagramUITests/Pods-Parstagram-ParstagramUITests-frameworks-${CONFIGURATION}-input-files.xcfilelist",
			);
			name = "[CP] Embed Pods Frameworks";
			outputFileListPaths = (
				"${PODS_ROOT}/Target Support Files/Pods-Parstagram-ParstagramUITests/Pods-Parstagram-ParstagramUITests-frameworks-${CONFIGURATION}-output-files.xcfilelist",
			);
			runOnlyForDeploymentPostprocessing = 0;
			shellPath = /bin/sh;
			shellScript = "\"${PODS_ROOT}/Target Support Files/Pods-Parstagram-ParstagramUITests/Pods-Parstagram-ParstagramUITests-frameworks.sh\"\n";
			showEnvVarsInLog = 0;
		};
/* End PBXShellScriptBuildPhase section */

/* Begin PBXSourcesBuildPhase section */
		16879E1227C9D34700AAB81D /* Sources */ = {
			isa = PBXSourcesBuildPhase;
			buildActionMask = 2147483647;
			files = (
				16879E5827CAE72600AAB81D /* PostTableViewCell.swift in Sources */,
				16879E5027CAB92E00AAB81D /* Database.swift in Sources */,
				16879E4B27CAB1DE00AAB81D /* LoginViewController.swift in Sources */,
				16879E5A27CC0ED600AAB81D /* Post.swift in Sources */,
				16879E4D27CAB1EC00AAB81D /* FeedViewController.swift in Sources */,
				16879E1A27C9D34700AAB81D /* AppDelegate.swift in Sources */,
				16879E1C27C9D34700AAB81D /* SceneDelegate.swift in Sources */,
				16879E5527CAD32700AAB81D /* CameraViewController.swift in Sources */,
			);
			runOnlyForDeploymentPostprocessing = 0;
		};
		16879E2827C9D34A00AAB81D /* Sources */ = {
			isa = PBXSourcesBuildPhase;
			buildActionMask = 2147483647;
			files = (
				16879E3127C9D34A00AAB81D /* ParstagramTests.swift in Sources */,
			);
			runOnlyForDeploymentPostprocessing = 0;
		};
		16879E3227C9D34A00AAB81D /* Sources */ = {
			isa = PBXSourcesBuildPhase;
			buildActionMask = 2147483647;
			files = (
				16879E3D27C9D34A00AAB81D /* ParstagramUITestsLaunchTests.swift in Sources */,
				16879E3B27C9D34A00AAB81D /* ParstagramUITests.swift in Sources */,
			);
			runOnlyForDeploymentPostprocessing = 0;
		};
/* End PBXSourcesBuildPhase section */

/* Begin PBXTargetDependency section */
		16879E2E27C9D34A00AAB81D /* PBXTargetDependency */ = {
			isa = PBXTargetDependency;
			target = 16879E1527C9D34700AAB81D /* Parstagram */;
			targetProxy = 16879E2D27C9D34A00AAB81D /* PBXContainerItemProxy */;
		};
		16879E3827C9D34A00AAB81D /* PBXTargetDependency */ = {
			isa = PBXTargetDependency;
			target = 16879E1527C9D34700AAB81D /* Parstagram */;
			targetProxy = 16879E3727C9D34A00AAB81D /* PBXContainerItemProxy */;
		};
/* End PBXTargetDependency section */

/* Begin PBXVariantGroup section */
		16879E1F27C9D34700AAB81D /* Main.storyboard */ = {
			isa = PBXVariantGroup;
			children = (
				16879E2027C9D34700AAB81D /* Base */,
			);
			name = Main.storyboard;
			sourceTree = "<group>";
		};
		16879E2427C9D34A00AAB81D /* LaunchScreen.storyboard */ = {
			isa = PBXVariantGroup;
			children = (
				16879E2527C9D34A00AAB81D /* Base */,
			);
			name = LaunchScreen.storyboard;
			sourceTree = "<group>";
		};
/* End PBXVariantGroup section */

/* Begin XCBuildConfiguration section */
		16879E3E27C9D34A00AAB81D /* Debug */ = {
			isa = XCBuildConfiguration;
			buildSettings = {
				ALWAYS_SEARCH_USER_PATHS = NO;
				CLANG_ANALYZER_NONNULL = YES;
				CLANG_ANALYZER_NUMBER_OBJECT_CONVERSION = YES_AGGRESSIVE;
				CLANG_CXX_LANGUAGE_STANDARD = "gnu++17";
				CLANG_CXX_LIBRARY = "libc++";
				CLANG_ENABLE_MODULES = YES;
				CLANG_ENABLE_OBJC_ARC = YES;
				CLANG_ENABLE_OBJC_WEAK = YES;
				CLANG_WARN_BLOCK_CAPTURE_AUTORELEASING = YES;
				CLANG_WARN_BOOL_CONVERSION = YES;
				CLANG_WARN_COMMA = YES;
				CLANG_WARN_CONSTANT_CONVERSION = YES;
				CLANG_WARN_DEPRECATED_OBJC_IMPLEMENTATIONS = YES;
				CLANG_WARN_DIRECT_OBJC_ISA_USAGE = YES_ERROR;
				CLANG_WARN_DOCUMENTATION_COMMENTS = YES;
				CLANG_WARN_EMPTY_BODY = YES;
				CLANG_WARN_ENUM_CONVERSION = YES;
				CLANG_WARN_INFINITE_RECURSION = YES;
				CLANG_WARN_INT_CONVERSION = YES;
				CLANG_WARN_NON_LITERAL_NULL_CONVERSION = YES;
				CLANG_WARN_OBJC_IMPLICIT_RETAIN_SELF = YES;
				CLANG_WARN_OBJC_LITERAL_CONVERSION = YES;
				CLANG_WARN_OBJC_ROOT_CLASS = YES_ERROR;
				CLANG_WARN_QUOTED_INCLUDE_IN_FRAMEWORK_HEADER = YES;
				CLANG_WARN_RANGE_LOOP_ANALYSIS = YES;
				CLANG_WARN_STRICT_PROTOTYPES = YES;
				CLANG_WARN_SUSPICIOUS_MOVE = YES;
				CLANG_WARN_UNGUARDED_AVAILABILITY = YES_AGGRESSIVE;
				CLANG_WARN_UNREACHABLE_CODE = YES;
				CLANG_WARN__DUPLICATE_METHOD_MATCH = YES;
				COPY_PHASE_STRIP = NO;
				DEBUG_INFORMATION_FORMAT = dwarf;
				ENABLE_STRICT_OBJC_MSGSEND = YES;
				ENABLE_TESTABILITY = YES;
				GCC_C_LANGUAGE_STANDARD = gnu11;
				GCC_DYNAMIC_NO_PIC = NO;
				GCC_NO_COMMON_BLOCKS = YES;
				GCC_OPTIMIZATION_LEVEL = 0;
				GCC_PREPROCESSOR_DEFINITIONS = (
					"DEBUG=1",
					"$(inherited)",
				);
				GCC_WARN_64_TO_32_BIT_CONVERSION = YES;
				GCC_WARN_ABOUT_RETURN_TYPE = YES_ERROR;
				GCC_WARN_UNDECLARED_SELECTOR = YES;
				GCC_WARN_UNINITIALIZED_AUTOS = YES_AGGRESSIVE;
				GCC_WARN_UNUSED_FUNCTION = YES;
				GCC_WARN_UNUSED_VARIABLE = YES;
				IPHONEOS_DEPLOYMENT_TARGET = 15.2;
				MTL_ENABLE_DEBUG_INFO = INCLUDE_SOURCE;
				MTL_FAST_MATH = YES;
				ONLY_ACTIVE_ARCH = YES;
				SDKROOT = iphoneos;
				SWIFT_ACTIVE_COMPILATION_CONDITIONS = DEBUG;
				SWIFT_OPTIMIZATION_LEVEL = "-Onone";
			};
			name = Debug;
		};
		16879E3F27C9D34A00AAB81D /* Release */ = {
			isa = XCBuildConfiguration;
			buildSettings = {
				ALWAYS_SEARCH_USER_PATHS = NO;
				CLANG_ANALYZER_NONNULL = YES;
				CLANG_ANALYZER_NUMBER_OBJECT_CONVERSION = YES_AGGRESSIVE;
				CLANG_CXX_LANGUAGE_STANDARD = "gnu++17";
				CLANG_CXX_LIBRARY = "libc++";
				CLANG_ENABLE_MODULES = YES;
				CLANG_ENABLE_OBJC_ARC = YES;
				CLANG_ENABLE_OBJC_WEAK = YES;
				CLANG_WARN_BLOCK_CAPTURE_AUTORELEASING = YES;
				CLANG_WARN_BOOL_CONVERSION = YES;
				CLANG_WARN_COMMA = YES;
				CLANG_WARN_CONSTANT_CONVERSION = YES;
				CLANG_WARN_DEPRECATED_OBJC_IMPLEMENTATIONS = YES;
				CLANG_WARN_DIRECT_OBJC_ISA_USAGE = YES_ERROR;
				CLANG_WARN_DOCUMENTATION_COMMENTS = YES;
				CLANG_WARN_EMPTY_BODY = YES;
				CLANG_WARN_ENUM_CONVERSION = YES;
				CLANG_WARN_INFINITE_RECURSION = YES;
				CLANG_WARN_INT_CONVERSION = YES;
				CLANG_WARN_NON_LITERAL_NULL_CONVERSION = YES;
				CLANG_WARN_OBJC_IMPLICIT_RETAIN_SELF = YES;
				CLANG_WARN_OBJC_LITERAL_CONVERSION = YES;
				CLANG_WARN_OBJC_ROOT_CLASS = YES_ERROR;
				CLANG_WARN_QUOTED_INCLUDE_IN_FRAMEWORK_HEADER = YES;
				CLANG_WARN_RANGE_LOOP_ANALYSIS = YES;
				CLANG_WARN_STRICT_PROTOTYPES = YES;
				CLANG_WARN_SUSPICIOUS_MOVE = YES;
				CLANG_WARN_UNGUARDED_AVAILABILITY = YES_AGGRESSIVE;
				CLANG_WARN_UNREACHABLE_CODE = YES;
				CLANG_WARN__DUPLICATE_METHOD_MATCH = YES;
				COPY_PHASE_STRIP = NO;
				DEBUG_INFORMATION_FORMAT = "dwarf-with-dsym";
				ENABLE_NS_ASSERTIONS = NO;
				ENABLE_STRICT_OBJC_MSGSEND = YES;
				GCC_C_LANGUAGE_STANDARD = gnu11;
				GCC_NO_COMMON_BLOCKS = YES;
				GCC_WARN_64_TO_32_BIT_CONVERSION = YES;
				GCC_WARN_ABOUT_RETURN_TYPE = YES_ERROR;
				GCC_WARN_UNDECLARED_SELECTOR = YES;
				GCC_WARN_UNINITIALIZED_AUTOS = YES_AGGRESSIVE;
				GCC_WARN_UNUSED_FUNCTION = YES;
				GCC_WARN_UNUSED_VARIABLE = YES;
				IPHONEOS_DEPLOYMENT_TARGET = 15.2;
				MTL_ENABLE_DEBUG_INFO = NO;
				MTL_FAST_MATH = YES;
				SDKROOT = iphoneos;
				SWIFT_COMPILATION_MODE = wholemodule;
				SWIFT_OPTIMIZATION_LEVEL = "-O";
				VALIDATE_PRODUCT = YES;
			};
			name = Release;
		};
		16879E4127C9D34A00AAB81D /* Debug */ = {
			isa = XCBuildConfiguration;
			baseConfigurationReference = 8C67320EC9A1833CBB80BA18 /* Pods-Parstagram.debug.xcconfig */;
			buildSettings = {
				ASSETCATALOG_COMPILER_APPICON_NAME = AppIcon;
				ASSETCATALOG_COMPILER_GLOBAL_ACCENT_COLOR_NAME = AccentColor;
				CODE_SIGN_STYLE = Automatic;
				CURRENT_PROJECT_VERSION = 1;
				DEVELOPMENT_TEAM = Y42JHZQ6LQ;
				GENERATE_INFOPLIST_FILE = YES;
				INFOPLIST_FILE = Parstagram/Info.plist;
				INFOPLIST_KEY_UIApplicationSupportsIndirectInputEvents = YES;
				INFOPLIST_KEY_UILaunchStoryboardName = LaunchScreen;
				INFOPLIST_KEY_UIMainStoryboardFile = Main;
				INFOPLIST_KEY_UISupportedInterfaceOrientations_iPad = "UIInterfaceOrientationPortrait UIInterfaceOrientationPortraitUpsideDown UIInterfaceOrientationLandscapeLeft UIInterfaceOrientationLandscapeRight";
				INFOPLIST_KEY_UISupportedInterfaceOrientations_iPhone = "UIInterfaceOrientationPortrait UIInterfaceOrientationLandscapeLeft UIInterfaceOrientationLandscapeRight";
				LD_RUNPATH_SEARCH_PATHS = (
					"$(inherited)",
					"@executable_path/Frameworks",
				);
				MARKETING_VERSION = 1.0;
				PRODUCT_BUNDLE_IDENTIFIER = com.giovannigp.Parstagram;
				PRODUCT_NAME = "$(TARGET_NAME)";
				SWIFT_EMIT_LOC_STRINGS = YES;
				SWIFT_VERSION = 5.0;
				TARGETED_DEVICE_FAMILY = 1;
			};
			name = Debug;
		};
		16879E4227C9D34A00AAB81D /* Release */ = {
			isa = XCBuildConfiguration;
			baseConfigurationReference = 97DD492DF65C75B50BC8CB02 /* Pods-Parstagram.release.xcconfig */;
			buildSettings = {
				ASSETCATALOG_COMPILER_APPICON_NAME = AppIcon;
				ASSETCATALOG_COMPILER_GLOBAL_ACCENT_COLOR_NAME = AccentColor;
				CODE_SIGN_STYLE = Automatic;
				CURRENT_PROJECT_VERSION = 1;
				DEVELOPMENT_TEAM = Y42JHZQ6LQ;
				GENERATE_INFOPLIST_FILE = YES;
				INFOPLIST_FILE = Parstagram/Info.plist;
				INFOPLIST_KEY_UIApplicationSupportsIndirectInputEvents = YES;
				INFOPLIST_KEY_UILaunchStoryboardName = LaunchScreen;
				INFOPLIST_KEY_UIMainStoryboardFile = Main;
				INFOPLIST_KEY_UISupportedInterfaceOrientations_iPad = "UIInterfaceOrientationPortrait UIInterfaceOrientationPortraitUpsideDown UIInterfaceOrientationLandscapeLeft UIInterfaceOrientationLandscapeRight";
				INFOPLIST_KEY_UISupportedInterfaceOrientations_iPhone = "UIInterfaceOrientationPortrait UIInterfaceOrientationLandscapeLeft UIInterfaceOrientationLandscapeRight";
				LD_RUNPATH_SEARCH_PATHS = (
					"$(inherited)",
					"@executable_path/Frameworks",
				);
				MARKETING_VERSION = 1.0;
				PRODUCT_BUNDLE_IDENTIFIER = com.giovannigp.Parstagram;
				PRODUCT_NAME = "$(TARGET_NAME)";
				SWIFT_EMIT_LOC_STRINGS = YES;
				SWIFT_VERSION = 5.0;
				TARGETED_DEVICE_FAMILY = 1;
			};
			name = Release;
		};
		16879E4427C9D34A00AAB81D /* Debug */ = {
			isa = XCBuildConfiguration;
			baseConfigurationReference = 02F062430550F87CA748856E /* Pods-ParstagramTests.debug.xcconfig */;
			buildSettings = {
				ALWAYS_EMBED_SWIFT_STANDARD_LIBRARIES = YES;
				BUNDLE_LOADER = "$(TEST_HOST)";
				CODE_SIGN_STYLE = Automatic;
				CURRENT_PROJECT_VERSION = 1;
				DEVELOPMENT_TEAM = Y42JHZQ6LQ;
				GENERATE_INFOPLIST_FILE = YES;
				IPHONEOS_DEPLOYMENT_TARGET = 15.2;
				MARKETING_VERSION = 1.0;
				PRODUCT_BUNDLE_IDENTIFIER = com.giovannigp.ParstagramTests;
				PRODUCT_NAME = "$(TARGET_NAME)";
				SWIFT_EMIT_LOC_STRINGS = NO;
				SWIFT_VERSION = 5.0;
				TARGETED_DEVICE_FAMILY = "1,2";
				TEST_HOST = "$(BUILT_PRODUCTS_DIR)/Parstagram.app/Parstagram";
			};
			name = Debug;
		};
		16879E4527C9D34A00AAB81D /* Release */ = {
			isa = XCBuildConfiguration;
			baseConfigurationReference = D265254BE4D2DDB419043589 /* Pods-ParstagramTests.release.xcconfig */;
			buildSettings = {
				ALWAYS_EMBED_SWIFT_STANDARD_LIBRARIES = YES;
				BUNDLE_LOADER = "$(TEST_HOST)";
				CODE_SIGN_STYLE = Automatic;
				CURRENT_PROJECT_VERSION = 1;
				DEVELOPMENT_TEAM = Y42JHZQ6LQ;
				GENERATE_INFOPLIST_FILE = YES;
				IPHONEOS_DEPLOYMENT_TARGET = 15.2;
				MARKETING_VERSION = 1.0;
				PRODUCT_BUNDLE_IDENTIFIER = com.giovannigp.ParstagramTests;
				PRODUCT_NAME = "$(TARGET_NAME)";
				SWIFT_EMIT_LOC_STRINGS = NO;
				SWIFT_VERSION = 5.0;
				TARGETED_DEVICE_FAMILY = "1,2";
				TEST_HOST = "$(BUILT_PRODUCTS_DIR)/Parstagram.app/Parstagram";
			};
			name = Release;
		};
		16879E4727C9D34A00AAB81D /* Debug */ = {
			isa = XCBuildConfiguration;
			baseConfigurationReference = 8BFC73BD1389E7872969A2FF /* Pods-Parstagram-ParstagramUITests.debug.xcconfig */;
			buildSettings = {
				ALWAYS_EMBED_SWIFT_STANDARD_LIBRARIES = YES;
				CODE_SIGN_STYLE = Automatic;
				CURRENT_PROJECT_VERSION = 1;
				DEVELOPMENT_TEAM = Y42JHZQ6LQ;
				GENERATE_INFOPLIST_FILE = YES;
				MARKETING_VERSION = 1.0;
				PRODUCT_BUNDLE_IDENTIFIER = com.giovannigp.ParstagramUITests;
				PRODUCT_NAME = "$(TARGET_NAME)";
				SWIFT_EMIT_LOC_STRINGS = NO;
				SWIFT_VERSION = 5.0;
				TARGETED_DEVICE_FAMILY = "1,2";
				TEST_TARGET_NAME = Parstagram;
			};
			name = Debug;
		};
		16879E4827C9D34A00AAB81D /* Release */ = {
			isa = XCBuildConfiguration;
			baseConfigurationReference = FBFAD392749E31F0A0486C6E /* Pods-Parstagram-ParstagramUITests.release.xcconfig */;
			buildSettings = {
				ALWAYS_EMBED_SWIFT_STANDARD_LIBRARIES = YES;
				CODE_SIGN_STYLE = Automatic;
				CURRENT_PROJECT_VERSION = 1;
				DEVELOPMENT_TEAM = Y42JHZQ6LQ;
				GENERATE_INFOPLIST_FILE = YES;
				MARKETING_VERSION = 1.0;
				PRODUCT_BUNDLE_IDENTIFIER = com.giovannigp.ParstagramUITests;
				PRODUCT_NAME = "$(TARGET_NAME)";
				SWIFT_EMIT_LOC_STRINGS = NO;
				SWIFT_VERSION = 5.0;
				TARGETED_DEVICE_FAMILY = "1,2";
				TEST_TARGET_NAME = Parstagram;
			};
			name = Release;
		};
/* End XCBuildConfiguration section */

/* Begin XCConfigurationList section */
		16879E1127C9D34700AAB81D /* Build configuration list for PBXProject "Parstagram" */ = {
			isa = XCConfigurationList;
			buildConfigurations = (
				16879E3E27C9D34A00AAB81D /* Debug */,
				16879E3F27C9D34A00AAB81D /* Release */,
			);
			defaultConfigurationIsVisible = 0;
			defaultConfigurationName = Release;
		};
		16879E4027C9D34A00AAB81D /* Build configuration list for PBXNativeTarget "Parstagram" */ = {
			isa = XCConfigurationList;
			buildConfigurations = (
				16879E4127C9D34A00AAB81D /* Debug */,
				16879E4227C9D34A00AAB81D /* Release */,
			);
			defaultConfigurationIsVisible = 0;
			defaultConfigurationName = Release;
		};
		16879E4327C9D34A00AAB81D /* Build configuration list for PBXNativeTarget "ParstagramTests" */ = {
			isa = XCConfigurationList;
			buildConfigurations = (
				16879E4427C9D34A00AAB81D /* Debug */,
				16879E4527C9D34A00AAB81D /* Release */,
			);
			defaultConfigurationIsVisible = 0;
			defaultConfigurationName = Release;
		};
		16879E4627C9D34A00AAB81D /* Build configuration list for PBXNativeTarget "ParstagramUITests" */ = {
			isa = XCConfigurationList;
			buildConfigurations = (
				16879E4727C9D34A00AAB81D /* Debug */,
				16879E4827C9D34A00AAB81D /* Release */,
			);
			defaultConfigurationIsVisible = 0;
			defaultConfigurationName = Release;
		};
/* End XCConfigurationList section */
	};
	rootObject = 16879E0E27C9D34700AAB81D /* Project object */;
}
